
Microsoft Visual Studio Solution File, Format Version 12.00
# Visual Studio 15
VisualStudioVersion = 15.0.27703.2042
MinimumVisualStudioVersion = 10.0.40219.1
Project("{9092AA53-FB77-4645-B42D-1CCCA6BD08BD}") = "StudyBotNode", "StudyBotNode\StudyBotNode.njsproj", "{81652DA1-F7E0-4BA8-8A65-83D1ADCA0007}"
EndProject
Global
	GlobalSection(SolutionConfigurationPlatforms) = preSolution
		Debug|Any CPU = Debug|Any CPU
		Release|Any CPU = Release|Any CPU
	EndGlobalSection
	GlobalSection(ProjectConfigurationPlatforms) = postSolution
		{81652DA1-F7E0-4BA8-8A65-83D1ADCA0007}.Debug|Any CPU.ActiveCfg = Debug|Any CPU
		{81652DA1-F7E0-4BA8-8A65-83D1ADCA0007}.Debug|Any CPU.Build.0 = Debug|Any CPU
		{81652DA1-F7E0-4BA8-8A65-83D1ADCA0007}.Release|Any CPU.ActiveCfg = Release|Any CPU
		{81652DA1-F7E0-4BA8-8A65-83D1ADCA0007}.Release|Any CPU.Build.0 = Release|Any CPU
	EndGlobalSection
	GlobalSection(SolutionProperties) = preSolution
		HideSolutionNode = FALSE
	EndGlobalSection
	GlobalSection(ExtensibilityGlobals) = postSolution
		SolutionGuid = {A3DA3CC3-7725-4A15-A0E2-260CFCA05B08}
	EndGlobalSection
EndGlobal
